// !$*UTF8*$!
{
	archiveVersion = 1;
	classes = {
	};
	objectVersion = 50;
	objects = {

/* Begin PBXBuildFile section */
		D9831F0B23487D96007ACD4D /* AppDelegate.swift in Sources */ = {isa = PBXBuildFile; fileRef = D9831F0A23487D96007ACD4D /* AppDelegate.swift */; };
		D9831F0D23487D96007ACD4D /* MainVC.swift in Sources */ = {isa = PBXBuildFile; fileRef = D9831F0C23487D96007ACD4D /* MainVC.swift */; };
		D9831F1023487D96007ACD4D /* Main.storyboard in Resources */ = {isa = PBXBuildFile; fileRef = D9831F0E23487D96007ACD4D /* Main.storyboard */; };
		D9831F1223487D98007ACD4D /* Assets.xcassets in Resources */ = {isa = PBXBuildFile; fileRef = D9831F1123487D98007ACD4D /* Assets.xcassets */; };
		D9831F1523487D98007ACD4D /* LaunchScreen.storyboard in Resources */ = {isa = PBXBuildFile; fileRef = D9831F1323487D98007ACD4D /* LaunchScreen.storyboard */; };
		D9831F2023487D98007ACD4D /* Window_ShopperTests.swift in Sources */ = {isa = PBXBuildFile; fileRef = D9831F1F23487D98007ACD4D /* Window_ShopperTests.swift */; };
		D9831F2B23487D99007ACD4D /* Window_ShopperUITests.swift in Sources */ = {isa = PBXBuildFile; fileRef = D9831F2A23487D99007ACD4D /* Window_ShopperUITests.swift */; };
		D9831F3C234887B2007ACD4D /* CurrencyTxtField.swift in Sources */ = {isa = PBXBuildFile; fileRef = D9831F3B234887B2007ACD4D /* CurrencyTxtField.swift */; };
		D9FC91EA234914B50080147B /* Wage.swift in Sources */ = {isa = PBXBuildFile; fileRef = D9FC91E9234914B50080147B /* Wage.swift */; };
/* End PBXBuildFile section */

/* Begin PBXContainerItemProxy section */
		D9831F1C23487D98007ACD4D /* PBXContainerItemProxy */ = {
			isa = PBXContainerItemProxy;
			containerPortal = D9831EFF23487D96007ACD4D /* Project object */;
			proxyType = 1;
			remoteGlobalIDString = D9831F0623487D96007ACD4D;
			remoteInfo = "Window-Shopper";
		};
		D9831F2723487D99007ACD4D /* PBXContainerItemProxy */ = {
			isa = PBXContainerItemProxy;
			containerPortal = D9831EFF23487D96007ACD4D /* Project object */;
			proxyType = 1;
			remoteGlobalIDString = D9831F0623487D96007ACD4D;
			remoteInfo = "Window-Shopper";
		};
/* End PBXContainerItemProxy section */

/* Begin PBXFileReference section */
		D9831F0723487D96007ACD4D /* Window-Shopper.app */ = {isa = PBXFileReference; explicitFileType = wrapper.application; includeInIndex = 0; path = "Window-Shopper.app"; sourceTree = BUILT_PRODUCTS_DIR; };
		D9831F0A23487D96007ACD4D /* AppDelegate.swift */ = {isa = PBXFileReference; lastKnownFileType = sourcecode.swift; path = AppDelegate.swift; sourceTree = "<group>"; };
		D9831F0C23487D96007ACD4D /* MainVC.swift */ = {isa = PBXFileReference; lastKnownFileType = sourcecode.swift; path = MainVC.swift; sourceTree = "<group>"; };
		D9831F0F23487D96007ACD4D /* Base */ = {isa = PBXFileReference; lastKnownFileType = file.storyboard; name = Base; path = Base.lproj/Main.storyboard; sourceTree = "<group>"; };
		D9831F1123487D98007ACD4D /* Assets.xcassets */ = {isa = PBXFileReference; lastKnownFileType = folder.assetcatalog; path = Assets.xcassets; sourceTree = "<group>"; };
		D9831F1423487D98007ACD4D /* Base */ = {isa = PBXFileReference; lastKnownFileType = file.storyboard; name = Base; path = Base.lproj/LaunchScreen.storyboard; sourceTree = "<group>"; };
		D9831F1623487D98007ACD4D /* Info.plist */ = {isa = PBXFileReference; lastKnownFileType = text.plist.xml; path = Info.plist; sourceTree = "<group>"; };
		D9831F1B23487D98007ACD4D /* Window-ShopperTests.xctest */ = {isa = PBXFileReference; explicitFileType = wrapper.cfbundle; includeInIndex = 0; path = "Window-ShopperTests.xctest"; sourceTree = BUILT_PRODUCTS_DIR; };
		D9831F1F23487D98007ACD4D /* Window_ShopperTests.swift */ = {isa = PBXFileReference; lastKnownFileType = sourcecode.swift; path = Window_ShopperTests.swift; sourceTree = "<group>"; };
		D9831F2123487D98007ACD4D /* Info.plist */ = {isa = PBXFileReference; lastKnownFileType = text.plist.xml; path = Info.plist; sourceTree = "<group>"; };
		D9831F2623487D99007ACD4D /* Window-ShopperUITests.xctest */ = {isa = PBXFileReference; explicitFileType = wrapper.cfbundle; includeInIndex = 0; path = "Window-ShopperUITests.xctest"; sourceTree = BUILT_PRODUCTS_DIR; };
		D9831F2A23487D99007ACD4D /* Window_ShopperUITests.swift */ = {isa = PBXFileReference; lastKnownFileType = sourcecode.swift; path = Window_ShopperUITests.swift; sourceTree = "<group>"; };
		D9831F2C23487D99007ACD4D /* Info.plist */ = {isa = PBXFileReference; lastKnownFileType = text.plist.xml; path = Info.plist; sourceTree = "<group>"; };
		D9831F3B234887B2007ACD4D /* CurrencyTxtField.swift */ = {isa = PBXFileReference; lastKnownFileType = sourcecode.swift; path = CurrencyTxtField.swift; sourceTree = "<group>"; };
		D9FC91E9234914B50080147B /* Wage.swift */ = {isa = PBXFileReference; lastKnownFileType = sourcecode.swift; path = Wage.swift; sourceTree = "<group>"; };
/* End PBXFileReference section */

/* Begin PBXFrameworksBuildPhase section */
		D9831F0423487D96007ACD4D /* Frameworks */ = {
			isa = PBXFrameworksBuildPhase;
			buildActionMask = 2147483647;
			files = (
			);
			runOnlyForDeploymentPostprocessing = 0;
		};
		D9831F1823487D98007ACD4D /* Frameworks */ = {
			isa = PBXFrameworksBuildPhase;
			buildActionMask = 2147483647;
			files = (
			);
			runOnlyForDeploymentPostprocessing = 0;
		};
		D9831F2323487D99007ACD4D /* Frameworks */ = {
			isa = PBXFrameworksBuildPhase;
			buildActionMask = 2147483647;
			files = (
			);
			runOnlyForDeploymentPostprocessing = 0;
		};
/* End PBXFrameworksBuildPhase section */

/* Begin PBXGroup section */
		D9831EFE23487D96007ACD4D = {
			isa = PBXGroup;
			children = (
				D9831F0923487D96007ACD4D /* Window-Shopper */,
				D9831F1E23487D98007ACD4D /* Window-ShopperTests */,
				D9831F2923487D99007ACD4D /* Window-ShopperUITests */,
				D9831F0823487D96007ACD4D /* Products */,
			);
			sourceTree = "<group>";
		};
		D9831F0823487D96007ACD4D /* Products */ = {
			isa = PBXGroup;
			children = (
				D9831F0723487D96007ACD4D /* Window-Shopper.app */,
				D9831F1B23487D98007ACD4D /* Window-ShopperTests.xctest */,
				D9831F2623487D99007ACD4D /* Window-ShopperUITests.xctest */,
			);
			name = Products;
			sourceTree = "<group>";
		};
		D9831F0923487D96007ACD4D /* Window-Shopper */ = {
			isa = PBXGroup;
			children = (
				D9831F3A23487EB4007ACD4D /* Model */,
				D9831F3923487EAD007ACD4D /* View */,
				D9831F3823487E90007ACD4D /* Controller */,
				D9831F0A23487D96007ACD4D /* AppDelegate.swift */,
				D9831F0E23487D96007ACD4D /* Main.storyboard */,
				D9831F1123487D98007ACD4D /* Assets.xcassets */,
				D9831F1323487D98007ACD4D /* LaunchScreen.storyboard */,
				D9831F1623487D98007ACD4D /* Info.plist */,
			);
			path = "Window-Shopper";
			sourceTree = "<group>";
		};
		D9831F1E23487D98007ACD4D /* Window-ShopperTests */ = {
			isa = PBXGroup;
			children = (
				D9831F1F23487D98007ACD4D /* Window_ShopperTests.swift */,
				D9831F2123487D98007ACD4D /* Info.plist */,
			);
			path = "Window-ShopperTests";
			sourceTree = "<group>";
		};
		D9831F2923487D99007ACD4D /* Window-ShopperUITests */ = {
			isa = PBXGroup;
			children = (
				D9831F2A23487D99007ACD4D /* Window_ShopperUITests.swift */,
				D9831F2C23487D99007ACD4D /* Info.plist */,
			);
			path = "Window-ShopperUITests";
			sourceTree = "<group>";
		};
		D9831F3823487E90007ACD4D /* Controller */ = {
			isa = PBXGroup;
			children = (
				D9831F0C23487D96007ACD4D /* MainVC.swift */,
			);
			path = Controller;
			sourceTree = "<group>";
		};
		D9831F3923487EAD007ACD4D /* View */ = {
			isa = PBXGroup;
			children = (
				D9831F3B234887B2007ACD4D /* CurrencyTxtField.swift */,
			);
			path = View;
			sourceTree = "<group>";
		};
		D9831F3A23487EB4007ACD4D /* Model */ = {
			isa = PBXGroup;
			children = (
				D9FC91E9234914B50080147B /* Wage.swift */,
			);
			path = Model;
			sourceTree = "<group>";
		};
/* End PBXGroup section */

/* Begin PBXNativeTarget section */
		D9831F0623487D96007ACD4D /* Window-Shopper */ = {
			isa = PBXNativeTarget;
			buildConfigurationList = D9831F2F23487D99007ACD4D /* Build configuration list for PBXNativeTarget "Window-Shopper" */;
			buildPhases = (
				D9831F0323487D96007ACD4D /* Sources */,
				D9831F0423487D96007ACD4D /* Frameworks */,
				D9831F0523487D96007ACD4D /* Resources */,
			);
			buildRules = (
			);
			dependencies = (
			);
			name = "Window-Shopper";
			productName = "Window-Shopper";
			productReference = D9831F0723487D96007ACD4D /* Window-Shopper.app */;
			productType = "com.apple.product-type.application";
		};
		D9831F1A23487D98007ACD4D /* Window-ShopperTests */ = {
			isa = PBXNativeTarget;
			buildConfigurationList = D9831F3223487D99007ACD4D /* Build configuration list for PBXNativeTarget "Window-ShopperTests" */;
			buildPhases = (
				D9831F1723487D98007ACD4D /* Sources */,
				D9831F1823487D98007ACD4D /* Frameworks */,
				D9831F1923487D98007ACD4D /* Resources */,
			);
			buildRules = (
			);
			dependencies = (
				D9831F1D23487D98007ACD4D /* PBXTargetDependency */,
			);
			name = "Window-ShopperTests";
			productName = "Window-ShopperTests";
			productReference = D9831F1B23487D98007ACD4D /* Window-ShopperTests.xctest */;
			productType = "com.apple.product-type.bundle.unit-test";
		};
		D9831F2523487D99007ACD4D /* Window-ShopperUITests */ = {
			isa = PBXNativeTarget;
			buildConfigurationList = D9831F3523487D99007ACD4D /* Build configuration list for PBXNativeTarget "Window-ShopperUITests" */;
			buildPhases = (
				D9831F2223487D99007ACD4D /* Sources */,
				D9831F2323487D99007ACD4D /* Frameworks */,
				D9831F2423487D99007ACD4D /* Resources */,
			);
			buildRules = (
			);
			dependencies = (
				D9831F2823487D99007ACD4D /* PBXTargetDependency */,
			);
			name = "Window-ShopperUITests";
			productName = "Window-ShopperUITests";
			productReference = D9831F2623487D99007ACD4D /* Window-ShopperUITests.xctest */;
			productType = "com.apple.product-type.bundle.ui-testing";
		};
/* End PBXNativeTarget section */

/* Begin PBXProject section */
		D9831EFF23487D96007ACD4D /* Project object */ = {
			isa = PBXProject;
			attributes = {
				LastSwiftUpdateCheck = 1020;
				LastUpgradeCheck = 1020;
				ORGANIZATIONNAME = MOHAMED;
				TargetAttributes = {
					D9831F0623487D96007ACD4D = {
						CreatedOnToolsVersion = 10.2.1;
					};
					D9831F1A23487D98007ACD4D = {
						CreatedOnToolsVersion = 10.2.1;
						TestTargetID = D9831F0623487D96007ACD4D;
					};
					D9831F2523487D99007ACD4D = {
						CreatedOnToolsVersion = 10.2.1;
						TestTargetID = D9831F0623487D96007ACD4D;
					};
				};
			};
			buildConfigurationList = D9831F0223487D96007ACD4D /* Build configuration list for PBXProject "Window-Shopper" */;
			compatibilityVersion = "Xcode 9.3";
			developmentRegion = en;
			hasScannedForEncodings = 0;
			knownRegions = (
				en,
				Base,
			);
			mainGroup = D9831EFE23487D96007ACD4D;
			productRefGroup = D9831F0823487D96007ACD4D /* Products */;
			projectDirPath = "";
			projectRoot = "";
			targets = (
				D9831F0623487D96007ACD4D /* Window-Shopper */,
				D9831F1A23487D98007ACD4D /* Window-ShopperTests */,
				D9831F2523487D99007ACD4D /* Window-ShopperUITests */,
			);
		};
/* End PBXProject section */

/* Begin PBXResourcesBuildPhase section */
		D9831F0523487D96007ACD4D /* Resources */ = {
			isa = PBXResourcesBuildPhase;
			buildActionMask = 2147483647;
			files = (
				D9831F1523487D98007ACD4D /* LaunchScreen.storyboard in Resources */,
				D9831F1223487D98007ACD4D /* Assets.xcassets in Resources */,
				D9831F1023487D96007ACD4D /* Main.storyboard in Resources */,
			);
			runOnlyForDeploymentPostprocessing = 0;
		};
		D9831F1923487D98007ACD4D /* Resources */ = {
			isa = PBXResourcesBuildPhase;
			buildActionMask = 2147483647;
			files = (
			);
			runOnlyForDeploymentPostprocessing = 0;
		};
		D9831F2423487D99007ACD4D /* Resources */ = {
			isa = PBXResourcesBuildPhase;
			buildActionMask = 2147483647;
			files = (
			);
			runOnlyForDeploymentPostprocessing = 0;
		};
/* End PBXResourcesBuildPhase section */

/* Begin PBXSourcesBuildPhase section */
		D9831F0323487D96007ACD4D /* Sources */ = {
			isa = PBXSourcesBuildPhase;
			buildActionMask = 2147483647;
			files = (
				D9831F3C234887B2007ACD4D /* CurrencyTxtField.swift in Sources */,
				D9FC91EA234914B50080147B /* Wage.swift in Sources */,
				D9831F0D23487D96007ACD4D /* MainVC.swift in Sources */,
				D9831F0B23487D96007ACD4D /* AppDelegate.swift in Sources */,
			);
			runOnlyForDeploymentPostprocessing = 0;
		};
		D9831F1723487D98007ACD4D /* Sources */ = {
			isa = PBXSourcesBuildPhase;
			buildActionMask = 2147483647;
			files = (
				D9831F2023487D98007ACD4D /* Window_ShopperTests.swift in Sources */,
			);
			runOnlyForDeploymentPostprocessing = 0;
		};
		D9831F2223487D99007ACD4D /* Sources */ = {
			isa = PBXSourcesBuildPhase;
			buildActionMask = 2147483647;
			files = (
				D9831F2B23487D99007ACD4D /* Window_ShopperUITests.swift in Sources */,
			);
			runOnlyForDeploymentPostprocessing = 0;
		};
/* End PBXSourcesBuildPhase section */

/* Begin PBXTargetDependency section */
		D9831F1D23487D98007ACD4D /* PBXTargetDependency */ = {
			isa = PBXTargetDependency;
			target = D9831F0623487D96007ACD4D /* Window-Shopper */;
			targetProxy = D9831F1C23487D98007ACD4D /* PBXContainerItemProxy */;
		};
		D9831F2823487D99007ACD4D /* PBXTargetDependency */ = {
			isa = PBXTargetDependency;
			target = D9831F0623487D96007ACD4D /* Window-Shopper */;
			targetProxy = D9831F2723487D99007ACD4D /* PBXContainerItemProxy */;
		};
/* End PBXTargetDependency section */

/* Begin PBXVariantGroup section */
		D9831F0E23487D96007ACD4D /* Main.storyboard */ = {
			isa = PBXVariantGroup;
			children = (
				D9831F0F23487D96007ACD4D /* Base */,
			);
			name = Main.storyboard;
			sourceTree = "<group>";
		};
		D9831F1323487D98007ACD4D /* LaunchScreen.storyboard */ = {
			isa = PBXVariantGroup;
			children = (
				D9831F1423487D98007ACD4D /* Base */,
			);
			name = LaunchScreen.storyboard;
			sourceTree = "<group>";
		};
/* End PBXVariantGroup section */

/* Begin XCBuildConfiguration section */
		D9831F2D23487D99007ACD4D /* Debug */ = {
			isa = XCBuildConfiguration;
			buildSettings = {
				ALWAYS_SEARCH_USER_PATHS = NO;
				CLANG_ANALYZER_NONNULL = YES;
				CLANG_ANALYZER_NUMBER_OBJECT_CONVERSION = YES_AGGRESSIVE;
				CLANG_CXX_LANGUAGE_STANDARD = "gnu++14";
				CLANG_CXX_LIBRARY = "libc++";
				CLANG_ENABLE_MODULES = YES;
				CLANG_ENABLE_OBJC_ARC = YES;
				CLANG_ENABLE_OBJC_WEAK = YES;
				CLANG_WARN_BLOCK_CAPTURE_AUTORELEASING = YES;
				CLANG_WARN_BOOL_CONVERSION = YES;
				CLANG_WARN_COMMA = YES;
				CLANG_WARN_CONSTANT_CONVERSION = YES;
				CLANG_WARN_DEPRECATED_OBJC_IMPLEMENTATIONS = YES;
				CLANG_WARN_DIRECT_OBJC_ISA_USAGE = YES_ERROR;
				CLANG_WARN_DOCUMENTATION_COMMENTS = YES;
				CLANG_WARN_EMPTY_BODY = YES;
				CLANG_WARN_ENUM_CONVERSION = YES;
				CLANG_WARN_INFINITE_RECURSION = YES;
				CLANG_WARN_INT_CONVERSION = YES;
				CLANG_WARN_NON_LITERAL_NULL_CONVERSION = YES;
				CLANG_WARN_OBJC_IMPLICIT_RETAIN_SELF = YES;
				CLANG_WARN_OBJC_LITERAL_CONVERSION = YES;
				CLANG_WARN_OBJC_ROOT_CLASS = YES_ERROR;
				CLANG_WARN_RANGE_LOOP_ANALYSIS = YES;
				CLANG_WARN_STRICT_PROTOTYPES = YES;
				CLANG_WARN_SUSPICIOUS_MOVE = YES;
				CLANG_WARN_UNGUARDED_AVAILABILITY = YES_AGGRESSIVE;
				CLANG_WARN_UNREACHABLE_CODE = YES;
				CLANG_WARN__DUPLICATE_METHOD_MATCH = YES;
				CODE_SIGN_IDENTITY = "iPhone Developer";
				COPY_PHASE_STRIP = NO;
				DEBUG_INFORMATION_FORMAT = dwarf;
				ENABLE_STRICT_OBJC_MSGSEND = YES;
				ENABLE_TESTABILITY = YES;
				GCC_C_LANGUAGE_STANDARD = gnu11;
				GCC_DYNAMIC_NO_PIC = NO;
				GCC_NO_COMMON_BLOCKS = YES;
				GCC_OPTIMIZATION_LEVEL = 0;
				GCC_PREPROCESSOR_DEFINITIONS = (
					"DEBUG=1",
					"$(inherited)",
				);
				GCC_WARN_64_TO_32_BIT_CONVERSION = YES;
				GCC_WARN_ABOUT_RETURN_TYPE = YES_ERROR;
				GCC_WARN_UNDECLARED_SELECTOR = YES;
				GCC_WARN_UNINITIALIZED_AUTOS = YES_AGGRESSIVE;
				GCC_WARN_UNUSED_FUNCTION = YES;
				GCC_WARN_UNUSED_VARIABLE = YES;
				IPHONEOS_DEPLOYMENT_TARGET = 12.2;
				MTL_ENABLE_DEBUG_INFO = INCLUDE_SOURCE;
				MTL_FAST_MATH = YES;
				ONLY_ACTIVE_ARCH = YES;
				SDKROOT = iphoneos;
				SWIFT_ACTIVE_COMPILATION_CONDITIONS = DEBUG;
				SWIFT_OPTIMIZATION_LEVEL = "-Onone";
			};
			name = Debug;
		};
		D9831F2E23487D99007ACD4D /* Release */ = {
			isa = XCBuildConfiguration;
			buildSettings = {
				ALWAYS_SEARCH_USER_PATHS = NO;
				CLANG_ANALYZER_NONNULL = YES;
				CLANG_ANALYZER_NUMBER_OBJECT_CONVERSION = YES_AGGRESSIVE;
				CLANG_CXX_LANGUAGE_STANDARD = "gnu++14";
				CLANG_CXX_LIBRARY = "libc++";
				CLANG_ENABLE_MODULES = YES;
				CLANG_ENABLE_OBJC_ARC = YES;
				CLANG_ENABLE_OBJC_WEAK = YES;
				CLANG_WARN_BLOCK_CAPTURE_AUTORELEASING = YES;
				CLANG_WARN_BOOL_CONVERSION = YES;
				CLANG_WARN_COMMA = YES;
				CLANG_WARN_CONSTANT_CONVERSION = YES;
				CLANG_WARN_DEPRECATED_OBJC_IMPLEMENTATIONS = YES;
				CLANG_WARN_DIRECT_OBJC_ISA_USAGE = YES_ERROR;
				CLANG_WARN_DOCUMENTATION_COMMENTS = YES;
				CLANG_WARN_EMPTY_BODY = YES;
				CLANG_WARN_ENUM_CONVERSION = YES;
				CLANG_WARN_INFINITE_RECURSION = YES;
				CLANG_WARN_INT_CONVERSION = YES;
				CLANG_WARN_NON_LITERAL_NULL_CONVERSION = YES;
				CLANG_WARN_OBJC_IMPLICIT_RETAIN_SELF = YES;
				CLANG_WARN_OBJC_LITERAL_CONVERSION = YES;
				CLANG_WARN_OBJC_ROOT_CLASS = YES_ERROR;
				CLANG_WARN_RANGE_LOOP_ANALYSIS = YES;
				CLANG_WARN_STRICT_PROTOTYPES = YES;
				CLANG_WARN_SUSPICIOUS_MOVE = YES;
				CLANG_WARN_UNGUARDED_AVAILABILITY = YES_AGGRESSIVE;
				CLANG_WARN_UNREACHABLE_CODE = YES;
				CLANG_WARN__DUPLICATE_METHOD_MATCH = YES;
				CODE_SIGN_IDENTITY = "iPhone Developer";
				COPY_PHASE_STRIP = NO;
				DEBUG_INFORMATION_FORMAT = "dwarf-with-dsym";
				ENABLE_NS_ASSERTIONS = NO;
				ENABLE_STRICT_OBJC_MSGSEND = YES;
				GCC_C_LANGUAGE_STANDARD = gnu11;
				GCC_NO_COMMON_BLOCKS = YES;
				GCC_WARN_64_TO_32_BIT_CONVERSION = YES;
				GCC_WARN_ABOUT_RETURN_TYPE = YES_ERROR;
				GCC_WARN_UNDECLARED_SELECTOR = YES;
				GCC_WARN_UNINITIALIZED_AUTOS = YES_AGGRESSIVE;
				GCC_WARN_UNUSED_FUNCTION = YES;
				GCC_WARN_UNUSED_VARIABLE = YES;
				IPHONEOS_DEPLOYMENT_TARGET = 12.2;
				MTL_ENABLE_DEBUG_INFO = NO;
				MTL_FAST_MATH = YES;
				SDKROOT = iphoneos;
				SWIFT_COMPILATION_MODE = wholemodule;
				SWIFT_OPTIMIZATION_LEVEL = "-O";
				VALIDATE_PRODUCT = YES;
			};
			name = Release;
		};
		D9831F3023487D99007ACD4D /* Debug */ = {
			isa = XCBuildConfiguration;
			buildSettings = {
				ASSETCATALOG_COMPILER_APPICON_NAME = AppIcon;
				CODE_SIGN_STYLE = Automatic;
				INFOPLIST_FILE = "Window-Shopper/Info.plist";
				LD_RUNPATH_SEARCH_PATHS = (
					"$(inherited)",
					"@executable_path/Frameworks",
				);
				PRODUCT_BUNDLE_IDENTIFIER = "MOHAMED.Window-Shopper";
				PRODUCT_NAME = "$(TARGET_NAME)";
				SWIFT_VERSION = 5.0;
				TARGETED_DEVICE_FAMILY = "1,2";
			};
			name = Debug;
		};
		D9831F3123487D99007ACD4D /* Release */ = {
			isa = XCBuildConfiguration;
			buildSettings = {
				ASSETCATALOG_COMPILER_APPICON_NAME = AppIcon;
				CODE_SIGN_STYLE = Automatic;
				INFOPLIST_FILE = "Window-Shopper/Info.plist";
				LD_RUNPATH_SEARCH_PATHS = (
					"$(inherited)",
					"@executable_path/Frameworks",
				);
				PRODUCT_BUNDLE_IDENTIFIER = "MOHAMED.Window-Shopper";
				PRODUCT_NAME = "$(TARGET_NAME)";
				SWIFT_VERSION = 5.0;
				TARGETED_DEVICE_FAMILY = "1,2";
			};
			name = Release;
		};
		D9831F3323487D99007ACD4D /* Debug */ = {
			isa = XCBuildConfiguration;
			buildSettings = {
				ALWAYS_EMBED_SWIFT_STANDARD_LIBRARIES = YES;
				BUNDLE_LOADER = "$(TEST_HOST)";
				CODE_SIGN_STYLE = Automatic;
				INFOPLIST_FILE = "Window-ShopperTests/Info.plist";
				LD_RUNPATH_SEARCH_PATHS = (
					"$(inherited)",
					"@executable_path/Frameworks",
					"@loader_path/Frameworks",
				);
				PRODUCT_BUNDLE_IDENTIFIER = "MOHAMED.Window-ShopperTests";
				PRODUCT_NAME = "$(TARGET_NAME)";
				SWIFT_VERSION = 5.0;
				TARGETED_DEVICE_FAMILY = "1,2";
				TEST_HOST = "$(BUILT_PRODUCTS_DIR)/Window-Shopper.app/Window-Shopper";
			};
			name = Debug;
		};
		D9831F3423487D99007ACD4D /* Release */ = {
			isa = XCBuildConfiguration;
			buildSettings = {
				ALWAYS_EMBED_SWIFT_STANDARD_LIBRARIES = YES;
				BUNDLE_LOADER = "$(TEST_HOST)";
				CODE_SIGN_STYLE = Automatic;
				INFOPLIST_FILE = "Window-ShopperTests/Info.plist";
				LD_RUNPATH_SEARCH_PATHS = (
					"$(inherited)",
					"@executable_path/Frameworks",
					"@loader_path/Frameworks",
				);
				PRODUCT_BUNDLE_IDENTIFIER = "MOHAMED.Window-ShopperTests";
				PRODUCT_NAME = "$(TARGET_NAME)";
				SWIFT_VERSION = 5.0;
				TARGETED_DEVICE_FAMILY = "1,2";
				TEST_HOST = "$(BUILT_PRODUCTS_DIR)/Window-Shopper.app/Window-Shopper";
			};
			name = Release;
		};
		D9831F3623487D99007ACD4D /* Debug */ = {
			isa = XCBuildConfiguration;
			buildSettings = {
				ALWAYS_EMBED_SWIFT_STANDARD_LIBRARIES = YES;
				CODE_SIGN_STYLE = Automatic;
				INFOPLIST_FILE = "Window-ShopperUITests/Info.plist";
				LD_RUNPATH_SEARCH_PATHS = (
					"$(inherited)",
					"@executable_path/Frameworks",
					"@loader_path/Frameworks",
				);
				PRODUCT_BUNDLE_IDENTIFIER = "MOHAMED.Window-ShopperUITests";
				PRODUCT_NAME = "$(TARGET_NAME)";
				SWIFT_VERSION = 5.0;
				TARGETED_DEVICE_FAMILY = "1,2";
				TEST_TARGET_NAME = "Window-Shopper";
			};
			name = Debug;
		};
		D9831F3723487D99007ACD4D /* Release */ = {
			isa = XCBuildConfiguration;
			buildSettings = {
				ALWAYS_EMBED_SWIFT_STANDARD_LIBRARIES = YES;
				CODE_SIGN_STYLE = Automatic;
				INFOPLIST_FILE = "Window-ShopperUITests/Info.plist";
				LD_RUNPATH_SEARCH_PATHS = (
					"$(inherited)",
					"@executable_path/Frameworks",
					"@loader_path/Frameworks",
				);
				PRODUCT_BUNDLE_IDENTIFIER = "MOHAMED.Window-ShopperUITests";
				PRODUCT_NAME = "$(TARGET_NAME)";
				SWIFT_VERSION = 5.0;
				TARGETED_DEVICE_FAMILY = "1,2";
				TEST_TARGET_NAME = "Window-Shopper";
			};
			name = Release;
		};
/* End XCBuildConfiguration section */

/* Begin XCConfigurationList section */
		D9831F0223487D96007ACD4D /* Build configuration list for PBXProject "Window-Shopper" */ = {
			isa = XCConfigurationList;
			buildConfigurations = (
				D9831F2D23487D99007ACD4D /* Debug */,
				D9831F2E23487D99007ACD4D /* Release */,
			);
			defaultConfigurationIsVisible = 0;
			defaultConfigurationName = Release;
		};
		D9831F2F23487D99007ACD4D /* Build configuration list for PBXNativeTarget "Window-Shopper" */ = {
			isa = XCConfigurationList;
			buildConfigurations = (
				D9831F3023487D99007ACD4D /* Debug */,
				D9831F3123487D99007ACD4D /* Release */,
			);
			defaultConfigurationIsVisible = 0;
			defaultConfigurationName = Release;
		};
		D9831F3223487D99007ACD4D /* Build configuration list for PBXNativeTarget "Window-ShopperTests" */ = {
			isa = XCConfigurationList;
			buildConfigurations = (
				D9831F3323487D99007ACD4D /* Debug */,
				D9831F3423487D99007ACD4D /* Release */,
			);
			defaultConfigurationIsVisible = 0;
			defaultConfigurationName = Release;
		};
		D9831F3523487D99007ACD4D /* Build configuration list for PBXNativeTarget "Window-ShopperUITests" */ = {
			isa = XCConfigurationList;
			buildConfigurations = (
				D9831F3623487D99007ACD4D /* Debug */,
				D9831F3723487D99007ACD4D /* Release */,
			);
			defaultConfigurationIsVisible = 0;
			defaultConfigurationName = Release;
		};
/* End XCConfigurationList section */
	};
	rootObject = D9831EFF23487D96007ACD4D /* Project object */;
}
